// !$*UTF8*$!
{
	archiveVersion = 1;
	classes = {
	};
	objectVersion = 50;
	objects = {

/* Begin PBXBuildFile section */
		7BFF693625868F36000F84D5 /* EffectPlayer.swift in Sources */ = {isa = PBXBuildFile; fileRef = 7BFF693525868F36000F84D5 /* EffectPlayer.swift */; };
		9EC18B04257557F10060BA30 /* HomeView.swift in Sources */ = {isa = PBXBuildFile; fileRef = 9EC18B03257557F10060BA30 /* HomeView.swift */; };
		9EC18B09257558DC0060BA30 /* PappaMemo.swift in Sources */ = {isa = PBXBuildFile; fileRef = 9EC18B08257558DC0060BA30 /* PappaMemo.swift */; };
		9EC18B0C257558ED0060BA30 /* MammaMemo.swift in Sources */ = {isa = PBXBuildFile; fileRef = 9EC18B0B257558ED0060BA30 /* MammaMemo.swift */; };
		9EEC6B5825701934009E1576 /* FlipView.swift in Sources */ = {isa = PBXBuildFile; fileRef = 9EEC6B5725701934009E1576 /* FlipView.swift */; };
		9EEC6B5B25703200009E1576 /* BarnMemo.swift in Sources */ = {isa = PBXBuildFile; fileRef = 9EEC6B5A25703200009E1576 /* BarnMemo.swift */; };
		F3A6DE7F256D0B2D009E6C36 /* OrangeGroup_GamesAppApp.swift in Sources */ = {isa = PBXBuildFile; fileRef = F3A6DE7E256D0B2D009E6C36 /* OrangeGroup_GamesAppApp.swift */; };
		F3A6DE81256D0B2D009E6C36 /* ContentView.swift in Sources */ = {isa = PBXBuildFile; fileRef = F3A6DE80256D0B2D009E6C36 /* ContentView.swift */; };
		F3A6DE83256D0B32009E6C36 /* Assets.xcassets in Resources */ = {isa = PBXBuildFile; fileRef = F3A6DE82256D0B32009E6C36 /* Assets.xcassets */; };
		F3A6DE86256D0B32009E6C36 /* Preview Assets.xcassets in Resources */ = {isa = PBXBuildFile; fileRef = F3A6DE85256D0B32009E6C36 /* Preview Assets.xcassets */; };
		F3BD24E125838AE1003147D2 /* Kid-cry.wav in Resources */ = {isa = PBXBuildFile; fileRef = F3BD24D825838AE1003147D2 /* Kid-cry.wav */; };
		F3BD24E325838AE1003147D2 /* Kid-laugh.wav in Resources */ = {isa = PBXBuildFile; fileRef = F3BD24DA25838AE1003147D2 /* Kid-laugh.wav */; };
/* End PBXBuildFile section */

/* Begin PBXFileReference section */
		7BFF693525868F36000F84D5 /* EffectPlayer.swift */ = {isa = PBXFileReference; lastKnownFileType = sourcecode.swift; path = EffectPlayer.swift; sourceTree = "<group>"; };
		9EC18B03257557F10060BA30 /* HomeView.swift */ = {isa = PBXFileReference; lastKnownFileType = sourcecode.swift; path = HomeView.swift; sourceTree = "<group>"; };
		9EC18B08257558DC0060BA30 /* PappaMemo.swift */ = {isa = PBXFileReference; lastKnownFileType = sourcecode.swift; path = PappaMemo.swift; sourceTree = "<group>"; };
		9EC18B0B257558ED0060BA30 /* MammaMemo.swift */ = {isa = PBXFileReference; lastKnownFileType = sourcecode.swift; path = MammaMemo.swift; sourceTree = "<group>"; };
		9EEC6B5725701934009E1576 /* FlipView.swift */ = {isa = PBXFileReference; lastKnownFileType = sourcecode.swift; path = FlipView.swift; sourceTree = "<group>"; };
		9EEC6B5A25703200009E1576 /* BarnMemo.swift */ = {isa = PBXFileReference; lastKnownFileType = sourcecode.swift; path = BarnMemo.swift; sourceTree = "<group>"; };
		F3A6DE7B256D0B2D009E6C36 /* OrangeGroup-GamesApp.app */ = {isa = PBXFileReference; explicitFileType = wrapper.application; includeInIndex = 0; path = "OrangeGroup-GamesApp.app"; sourceTree = BUILT_PRODUCTS_DIR; };
		F3A6DE7E256D0B2D009E6C36 /* OrangeGroup_GamesAppApp.swift */ = {isa = PBXFileReference; lastKnownFileType = sourcecode.swift; path = OrangeGroup_GamesAppApp.swift; sourceTree = "<group>"; };
		F3A6DE80256D0B2D009E6C36 /* ContentView.swift */ = {isa = PBXFileReference; lastKnownFileType = sourcecode.swift; path = ContentView.swift; sourceTree = "<group>"; };
		F3A6DE82256D0B32009E6C36 /* Assets.xcassets */ = {isa = PBXFileReference; lastKnownFileType = folder.assetcatalog; path = Assets.xcassets; sourceTree = "<group>"; };
		F3A6DE85256D0B32009E6C36 /* Preview Assets.xcassets */ = {isa = PBXFileReference; lastKnownFileType = folder.assetcatalog; path = "Preview Assets.xcassets"; sourceTree = "<group>"; };
		F3A6DE87256D0B32009E6C36 /* Info.plist */ = {isa = PBXFileReference; lastKnownFileType = text.plist.xml; path = Info.plist; sourceTree = "<group>"; };
		F3BD24D825838AE1003147D2 /* Kid-cry.wav */ = {isa = PBXFileReference; lastKnownFileType = audio.wav; path = "Kid-cry.wav"; sourceTree = "<group>"; };
		F3BD24DA25838AE1003147D2 /* Kid-laugh.wav */ = {isa = PBXFileReference; lastKnownFileType = audio.wav; path = "Kid-laugh.wav"; sourceTree = "<group>"; };
/* End PBXFileReference section */

/* Begin PBXFrameworksBuildPhase section */
		F3A6DE78256D0B2D009E6C36 /* Frameworks */ = {
			isa = PBXFrameworksBuildPhase;
			buildActionMask = 2147483647;
			files = (
			);
			runOnlyForDeploymentPostprocessing = 0;
		};
/* End PBXFrameworksBuildPhase section */

/* Begin PBXGroup section */
		F3A6DE72256D0B2D009E6C36 = {
			isa = PBXGroup;
			children = (
				F3BD24D225838901003147D2 /* Sound Effects */,
				F3A6DE7D256D0B2D009E6C36 /* OrangeGroup-GamesApp */,
				F3A6DE7C256D0B2D009E6C36 /* Products */,
			);
			sourceTree = "<group>";
		};
		F3A6DE7C256D0B2D009E6C36 /* Products */ = {
			isa = PBXGroup;
			children = (
				F3A6DE7B256D0B2D009E6C36 /* OrangeGroup-GamesApp.app */,
			);
			name = Products;
			sourceTree = "<group>";
		};
		F3A6DE7D256D0B2D009E6C36 /* OrangeGroup-GamesApp */ = {
			isa = PBXGroup;
			children = (
				F3A6DE7E256D0B2D009E6C36 /* OrangeGroup_GamesAppApp.swift */,
				9EC18B03257557F10060BA30 /* HomeView.swift */,
				9EC18B08257558DC0060BA30 /* PappaMemo.swift */,
				9EC18B0B257558ED0060BA30 /* MammaMemo.swift */,
				F3A6DE80256D0B2D009E6C36 /* ContentView.swift */,
				9EEC6B5725701934009E1576 /* FlipView.swift */,
				9EEC6B5A25703200009E1576 /* BarnMemo.swift */,
				7BFF693525868F36000F84D5 /* EffectPlayer.swift */,
				F3A6DE87256D0B32009E6C36 /* Info.plist */,
				F3A6DE82256D0B32009E6C36 /* Assets.xcassets */,
				F3A6DE84256D0B32009E6C36 /* Preview Content */,
			);
			path = "OrangeGroup-GamesApp";
			sourceTree = "<group>";
		};
		F3A6DE84256D0B32009E6C36 /* Preview Content */ = {
			isa = PBXGroup;
			children = (
				F3A6DE85256D0B32009E6C36 /* Preview Assets.xcassets */,
			);
			path = "Preview Content";
			sourceTree = "<group>";
		};
		F3BD24D225838901003147D2 /* Sound Effects */ = {
			isa = PBXGroup;
			children = (
				F3BD24D825838AE1003147D2 /* Kid-cry.wav */,
				F3BD24DA25838AE1003147D2 /* Kid-laugh.wav */,
			);
			path = "Sound Effects";
			sourceTree = "<group>";
		};
/* End PBXGroup section */

/* Begin PBXNativeTarget section */
		F3A6DE7A256D0B2D009E6C36 /* OrangeGroup-GamesApp */ = {
			isa = PBXNativeTarget;
			buildConfigurationList = F3A6DE8A256D0B32009E6C36 /* Build configuration list for PBXNativeTarget "OrangeGroup-GamesApp" */;
			buildPhases = (
				F3A6DE77256D0B2D009E6C36 /* Sources */,
				F3A6DE78256D0B2D009E6C36 /* Frameworks */,
				F3A6DE79256D0B2D009E6C36 /* Resources */,
			);
			buildRules = (
			);
			dependencies = (
			);
			name = "OrangeGroup-GamesApp";
			productName = "OrangeGroup-GamesApp";
			productReference = F3A6DE7B256D0B2D009E6C36 /* OrangeGroup-GamesApp.app */;
			productType = "com.apple.product-type.application";
		};
/* End PBXNativeTarget section */

/* Begin PBXProject section */
		F3A6DE73256D0B2D009E6C36 /* Project object */ = {
			isa = PBXProject;
			attributes = {
				LastSwiftUpdateCheck = 1220;
				LastUpgradeCheck = 1220;
				TargetAttributes = {
					F3A6DE7A256D0B2D009E6C36 = {
						CreatedOnToolsVersion = 12.2;
					};
				};
			};
			buildConfigurationList = F3A6DE76256D0B2D009E6C36 /* Build configuration list for PBXProject "OrangeGroup-GamesApp" */;
			compatibilityVersion = "Xcode 9.3";
			developmentRegion = en;
			hasScannedForEncodings = 0;
			knownRegions = (
				en,
				Base,
			);
			mainGroup = F3A6DE72256D0B2D009E6C36;
			productRefGroup = F3A6DE7C256D0B2D009E6C36 /* Products */;
			projectDirPath = "";
			projectRoot = "";
			targets = (
				F3A6DE7A256D0B2D009E6C36 /* OrangeGroup-GamesApp */,
			);
		};
/* End PBXProject section */

/* Begin PBXResourcesBuildPhase section */
		F3A6DE79256D0B2D009E6C36 /* Resources */ = {
			isa = PBXResourcesBuildPhase;
			buildActionMask = 2147483647;
			files = (
				F3BD24E325838AE1003147D2 /* Kid-laugh.wav in Resources */,
				F3A6DE86256D0B32009E6C36 /* Preview Assets.xcassets in Resources */,
				F3BD24E125838AE1003147D2 /* Kid-cry.wav in Resources */,
				F3A6DE83256D0B32009E6C36 /* Assets.xcassets in Resources */,
			);
			runOnlyForDeploymentPostprocessing = 0;
		};
/* End PBXResourcesBuildPhase section */

/* Begin PBXSourcesBuildPhase section */
		F3A6DE77256D0B2D009E6C36 /* Sources */ = {
			isa = PBXSourcesBuildPhase;
			buildActionMask = 2147483647;
			files = (
				9EC18B0C257558ED0060BA30 /* MammaMemo.swift in Sources */,
				9EEC6B5B25703200009E1576 /* BarnMemo.swift in Sources */,
				F3A6DE81256D0B2D009E6C36 /* ContentView.swift in Sources */,
				9EEC6B5825701934009E1576 /* FlipView.swift in Sources */,
				9EC18B04257557F10060BA30 /* HomeView.swift in Sources */,
				9EC18B09257558DC0060BA30 /* PappaMemo.swift in Sources */,
				F3A6DE7F256D0B2D009E6C36 /* OrangeGroup_GamesAppApp.swift in Sources */,
				7BFF693625868F36000F84D5 /* EffectPlayer.swift in Sources */,
			);
			runOnlyForDeploymentPostprocessing = 0;
		};
/* End PBXSourcesBuildPhase section */

/* Begin XCBuildConfiguration section */
		F3A6DE88256D0B32009E6C36 /* Debug */ = {
			isa = XCBuildConfiguration;
			buildSettings = {
				ALWAYS_SEARCH_USER_PATHS = NO;
				CLANG_ANALYZER_NONNULL = YES;
				CLANG_ANALYZER_NUMBER_OBJECT_CONVERSION = YES_AGGRESSIVE;
				CLANG_CXX_LANGUAGE_STANDARD = "gnu++14";
				CLANG_CXX_LIBRARY = "libc++";
				CLANG_ENABLE_MODULES = YES;
				CLANG_ENABLE_OBJC_ARC = YES;
				CLANG_ENABLE_OBJC_WEAK = YES;
				CLANG_WARN_BLOCK_CAPTURE_AUTORELEASING = YES;
				CLANG_WARN_BOOL_CONVERSION = YES;
				CLANG_WARN_COMMA = YES;
				CLANG_WARN_CONSTANT_CONVERSION = YES;
				CLANG_WARN_DEPRECATED_OBJC_IMPLEMENTATIONS = YES;
				CLANG_WARN_DIRECT_OBJC_ISA_USAGE = YES_ERROR;
				CLANG_WARN_DOCUMENTATION_COMMENTS = YES;
				CLANG_WARN_EMPTY_BODY = YES;
				CLANG_WARN_ENUM_CONVERSION = YES;
				CLANG_WARN_INFINITE_RECURSION = YES;
				CLANG_WARN_INT_CONVERSION = YES;
				CLANG_WARN_NON_LITERAL_NULL_CONVERSION = YES;
				CLANG_WARN_OBJC_IMPLICIT_RETAIN_SELF = YES;
				CLANG_WARN_OBJC_LITERAL_CONVERSION = YES;
				CLANG_WARN_OBJC_ROOT_CLASS = YES_ERROR;
				CLANG_WARN_QUOTED_INCLUDE_IN_FRAMEWORK_HEADER = YES;
				CLANG_WARN_RANGE_LOOP_ANALYSIS = YES;
				CLANG_WARN_STRICT_PROTOTYPES = YES;
				CLANG_WARN_SUSPICIOUS_MOVE = YES;
				CLANG_WARN_UNGUARDED_AVAILABILITY = YES_AGGRESSIVE;
				CLANG_WARN_UNREACHABLE_CODE = YES;
				CLANG_WARN__DUPLICATE_METHOD_MATCH = YES;
				COPY_PHASE_STRIP = NO;
				DEBUG_INFORMATION_FORMAT = dwarf;
				ENABLE_STRICT_OBJC_MSGSEND = YES;
				ENABLE_TESTABILITY = YES;
				GCC_C_LANGUAGE_STANDARD = gnu11;
				GCC_DYNAMIC_NO_PIC = NO;
				GCC_NO_COMMON_BLOCKS = YES;
				GCC_OPTIMIZATION_LEVEL = 0;
				GCC_PREPROCESSOR_DEFINITIONS = (
					"DEBUG=1",
					"$(inherited)",
				);
				GCC_WARN_64_TO_32_BIT_CONVERSION = YES;
				GCC_WARN_ABOUT_RETURN_TYPE = YES_ERROR;
				GCC_WARN_UNDECLARED_SELECTOR = YES;
				GCC_WARN_UNINITIALIZED_AUTOS = YES_AGGRESSIVE;
				GCC_WARN_UNUSED_FUNCTION = YES;
				GCC_WARN_UNUSED_VARIABLE = YES;
				IPHONEOS_DEPLOYMENT_TARGET = 14.2;
				MTL_ENABLE_DEBUG_INFO = INCLUDE_SOURCE;
				MTL_FAST_MATH = YES;
				ONLY_ACTIVE_ARCH = YES;
				SDKROOT = iphoneos;
				SWIFT_ACTIVE_COMPILATION_CONDITIONS = DEBUG;
				SWIFT_OPTIMIZATION_LEVEL = "-Onone";
			};
			name = Debug;
		};
		F3A6DE89256D0B32009E6C36 /* Release */ = {
			isa = XCBuildConfiguration;
			buildSettings = {
				ALWAYS_SEARCH_USER_PATHS = NO;
				CLANG_ANALYZER_NONNULL = YES;
				CLANG_ANALYZER_NUMBER_OBJECT_CONVERSION = YES_AGGRESSIVE;
				CLANG_CXX_LANGUAGE_STANDARD = "gnu++14";
				CLANG_CXX_LIBRARY = "libc++";
				CLANG_ENABLE_MODULES = YES;
				CLANG_ENABLE_OBJC_ARC = YES;
				CLANG_ENABLE_OBJC_WEAK = YES;
				CLANG_WARN_BLOCK_CAPTURE_AUTORELEASING = YES;
				CLANG_WARN_BOOL_CONVERSION = YES;
				CLANG_WARN_COMMA = YES;
				CLANG_WARN_CONSTANT_CONVERSION = YES;
				CLANG_WARN_DEPRECATED_OBJC_IMPLEMENTATIONS = YES;
				CLANG_WARN_DIRECT_OBJC_ISA_USAGE = YES_ERROR;
				CLANG_WARN_DOCUMENTATION_COMMENTS = YES;
				CLANG_WARN_EMPTY_BODY = YES;
				CLANG_WARN_ENUM_CONVERSION = YES;
				CLANG_WARN_INFINITE_RECURSION = YES;
				CLANG_WARN_INT_CONVERSION = YES;
				CLANG_WARN_NON_LITERAL_NULL_CONVERSION = YES;
				CLANG_WARN_OBJC_IMPLICIT_RETAIN_SELF = YES;
				CLANG_WARN_OBJC_LITERAL_CONVERSION = YES;
				CLANG_WARN_OBJC_ROOT_CLASS = YES_ERROR;
				CLANG_WARN_QUOTED_INCLUDE_IN_FRAMEWORK_HEADER = YES;
				CLANG_WARN_RANGE_LOOP_ANALYSIS = YES;
				CLANG_WARN_STRICT_PROTOTYPES = YES;
				CLANG_WARN_SUSPICIOUS_MOVE = YES;
				CLANG_WARN_UNGUARDED_AVAILABILITY = YES_AGGRESSIVE;
				CLANG_WARN_UNREACHABLE_CODE = YES;
				CLANG_WARN__DUPLICATE_METHOD_MATCH = YES;
				COPY_PHASE_STRIP = NO;
				DEBUG_INFORMATION_FORMAT = "dwarf-with-dsym";
				ENABLE_NS_ASSERTIONS = NO;
				ENABLE_STRICT_OBJC_MSGSEND = YES;
				GCC_C_LANGUAGE_STANDARD = gnu11;
				GCC_NO_COMMON_BLOCKS = YES;
				GCC_WARN_64_TO_32_BIT_CONVERSION = YES;
				GCC_WARN_ABOUT_RETURN_TYPE = YES_ERROR;
				GCC_WARN_UNDECLARED_SELECTOR = YES;
				GCC_WARN_UNINITIALIZED_AUTOS = YES_AGGRESSIVE;
				GCC_WARN_UNUSED_FUNCTION = YES;
				GCC_WARN_UNUSED_VARIABLE = YES;
				IPHONEOS_DEPLOYMENT_TARGET = 14.2;
				MTL_ENABLE_DEBUG_INFO = NO;
				MTL_FAST_MATH = YES;
				SDKROOT = iphoneos;
				SWIFT_COMPILATION_MODE = wholemodule;
				SWIFT_OPTIMIZATION_LEVEL = "-O";
				VALIDATE_PRODUCT = YES;
			};
			name = Release;
		};
		F3A6DE8B256D0B32009E6C36 /* Debug */ = {
			isa = XCBuildConfiguration;
			buildSettings = {
				ASSETCATALOG_COMPILER_APPICON_NAME = AppIcon;
				ASSETCATALOG_COMPILER_GLOBAL_ACCENT_COLOR_NAME = AccentColor;
				CODE_SIGN_STYLE = Automatic;
				DEVELOPMENT_ASSET_PATHS = "\"OrangeGroup-GamesApp/Preview Content\"";
				ENABLE_PREVIEWS = YES;
				INFOPLIST_FILE = "OrangeGroup-GamesApp/Info.plist";
				IPHONEOS_DEPLOYMENT_TARGET = 14.0;
				LD_RUNPATH_SEARCH_PATHS = (
					"$(inherited)",
					"@executable_path/Frameworks",
				);
				PRODUCT_BUNDLE_IDENTIFIER = "se.anastasiakantor.OrangeGroup-GamesApp";
				PRODUCT_NAME = "$(TARGET_NAME)";
				SWIFT_VERSION = 5.0;
				TARGETED_DEVICE_FAMILY = "1,2";
			};
			name = Debug;
		};
		F3A6DE8C256D0B32009E6C36 /* Release */ = {
			isa = XCBuildConfiguration;
			buildSettings = {
				ASSETCATALOG_COMPILER_APPICON_NAME = AppIcon;
				ASSETCATALOG_COMPILER_GLOBAL_ACCENT_COLOR_NAME = AccentColor;
				CODE_SIGN_STYLE = Automatic;
				DEVELOPMENT_ASSET_PATHS = "\"OrangeGroup-GamesApp/Preview Content\"";
				ENABLE_PREVIEWS = YES;
				INFOPLIST_FILE = "OrangeGroup-GamesApp/Info.plist";
				IPHONEOS_DEPLOYMENT_TARGET = 14.0;
				LD_RUNPATH_SEARCH_PATHS = (
					"$(inherited)",
					"@executable_path/Frameworks",
				);
				PRODUCT_BUNDLE_IDENTIFIER = "se.anastasiakantor.OrangeGroup-GamesApp";
				PRODUCT_NAME = "$(TARGET_NAME)";
				SWIFT_VERSION = 5.0;
				TARGETED_DEVICE_FAMILY = "1,2";
			};
			name = Release;
		};
/* End XCBuildConfiguration section */

/* Begin XCConfigurationList section */
		F3A6DE76256D0B2D009E6C36 /* Build configuration list for PBXProject "OrangeGroup-GamesApp" */ = {
			isa = XCConfigurationList;
			buildConfigurations = (
				F3A6DE88256D0B32009E6C36 /* Debug */,
				F3A6DE89256D0B32009E6C36 /* Release */,
			);
			defaultConfigurationIsVisible = 0;
			defaultConfigurationName = Release;
		};
		F3A6DE8A256D0B32009E6C36 /* Build configuration list for PBXNativeTarget "OrangeGroup-GamesApp" */ = {
			isa = XCConfigurationList;
			buildConfigurations = (
				F3A6DE8B256D0B32009E6C36 /* Debug */,
				F3A6DE8C256D0B32009E6C36 /* Release */,
			);
			defaultConfigurationIsVisible = 0;
			defaultConfigurationName = Release;
		};
/* End XCConfigurationList section */
	};
	rootObject = F3A6DE73256D0B2D009E6C36 /* Project object */;
}
